
Microsoft Visual Studio Solution File, Format Version 12.00
Project("{FAE04EC0-301F-11D3-BF4B-00C04F79EFBC}") = "GR8Tech.TestUtils.Logging", "GR8Tech.TestUtils.Logging\GR8Tech.TestUtils.Logging.csproj", "{6335DC68-46AE-4D16-8250-2EFB30E5AB96}"
EndProject
Project("{FAE04EC0-301F-11D3-BF4B-00C04F79EFBC}") = "GR8Tech.TestUtils.Logging.Extensions", "GR8Tech.TestUtils.Logging.Extensions\GR8Tech.TestUtils.Logging.Extensions.csproj", "{FD72E403-5152-4960-9C87-7481E414DBFA}"
EndProject
Global
	GlobalSection(SolutionConfigurationPlatforms) = preSolution
		Debug|Any CPU = Debug|Any CPU
		Release|Any CPU = Release|Any CPU
	EndGlobalSection
	GlobalSection(ProjectConfigurationPlatforms) = postSolution
		{6335DC68-46AE-4D16-8250-2EFB30E5AB96}.Debug|Any CPU.ActiveCfg = Debug|Any CPU
		{6335DC68-46AE-4D16-8250-2EFB30E5AB96}.Debug|Any CPU.Build.0 = Debug|Any CPU
		{6335DC68-46AE-4D16-8250-2EFB30E5AB96}.Release|Any CPU.ActiveCfg = Release|Any CPU
		{6335DC68-46AE-4D16-8250-2EFB30E5AB96}.Release|Any CPU.Build.0 = Release|Any CPU
		{FD72E403-5152-4960-9C87-7481E414DBFA}.Debug|Any CPU.ActiveCfg = Debug|Any CPU
		{FD72E403-5152-4960-9C87-7481E414DBFA}.Debug|Any CPU.Build.0 = Debug|Any CPU
		{FD72E403-5152-4960-9C87-7481E414DBFA}.Release|Any CPU.ActiveCfg = Release|Any CPU
		{FD72E403-5152-4960-9C87-7481E414DBFA}.Release|Any CPU.Build.0 = Release|Any CPU
	EndGlobalSection
EndGlobal
